
Microsoft Visual Studio Solution File, Format Version 12.00
# Visual Studio 15
VisualStudioVersion = 15.0.27703.2018
MinimumVisualStudioVersion = 10.0.40219.1
Project("{F184B08F-C81C-45F6-A57F-5ABD9991F28F}") = "Exemplo4", "Exemplo4\Exemplo4.vbproj", "{835E5B7E-4835-444B-B44C-4F3E47945BBC}"
EndProject
Global
	GlobalSection(SolutionConfigurationPlatforms) = preSolution
		Debug|Any CPU = Debug|Any CPU
		Release|Any CPU = Release|Any CPU
	EndGlobalSection
	GlobalSection(ProjectConfigurationPlatforms) = postSolution
		{835E5B7E-4835-444B-B44C-4F3E47945BBC}.Debug|Any CPU.ActiveCfg = Debug|Any CPU
		{835E5B7E-4835-444B-B44C-4F3E47945BBC}.Debug|Any CPU.Build.0 = Debug|Any CPU
		{835E5B7E-4835-444B-B44C-4F3E47945BBC}.Release|Any CPU.ActiveCfg = Release|Any CPU
		{835E5B7E-4835-444B-B44C-4F3E47945BBC}.Release|Any CPU.Build.0 = Release|Any CPU
	EndGlobalSection
	GlobalSection(SolutionProperties) = preSolution
		HideSolutionNode = FALSE
	EndGlobalSection
	GlobalSection(ExtensibilityGlobals) = postSolution
		SolutionGuid = {3BDAC59E-937E-4DBF-A265-21BE8A86BB6A}
	EndGlobalSection
EndGlobal
